version: 1.0
shards:
  bisect:
    github: spider-gazelle/bisect
    version: 1.1.0

  cron_parser:
    github: kostya/cron_parser
    version: 0.2.0

  discordcr:
    github: meew0/discordcr
    commit: a1325222e43b907e74920bb3ca2299ba27fef871

  discordcr-middleware:
    github: z64/discordcr-middleware
    commit: 562d68698114473465793112fee98ce12fa2a5ca

  discordcr-plugin:
    github: z64/discordcr-plugin
    commit: 09c0c7bd17f23a2cf1cf120e3a01d973a839bba1

  rate_limiter:
    github: z64/rate_limiter
    commit: b9992a7c474f9f863aa34ac677244d6b520cba97

  tasker:
    github: spider-gazelle/tasker
    version: 1.1.1

